// !$*UTF8*$!
{
	archiveVersion = 1;
	classes = {
	};
	objectVersion = 56;
	objects = {

/* Begin PBXBuildFile section */
		F413386D2932097200D69602 /* AppDelegate.swift in Sources */ = {isa = PBXBuildFile; fileRef = F413386C2932097200D69602 /* AppDelegate.swift */; };
		F413386F2932097200D69602 /* SceneDelegate.swift in Sources */ = {isa = PBXBuildFile; fileRef = F413386E2932097200D69602 /* SceneDelegate.swift */; };
		F41338712932097200D69602 /* ViewController.swift in Sources */ = {isa = PBXBuildFile; fileRef = F41338702932097200D69602 /* ViewController.swift */; };
		F41338742932097200D69602 /* Main.storyboard in Resources */ = {isa = PBXBuildFile; fileRef = F41338722932097200D69602 /* Main.storyboard */; };
		F41338762932097400D69602 /* Assets.xcassets in Resources */ = {isa = PBXBuildFile; fileRef = F41338752932097400D69602 /* Assets.xcassets */; };
		F41338792932097400D69602 /* LaunchScreen.storyboard in Resources */ = {isa = PBXBuildFile; fileRef = F41338772932097400D69602 /* LaunchScreen.storyboard */; };
		F41338842932097500D69602 /* CounterTestTests.swift in Sources */ = {isa = PBXBuildFile; fileRef = F41338832932097500D69602 /* CounterTestTests.swift */; };
		F413388E2932097500D69602 /* CounterTestUITests.swift in Sources */ = {isa = PBXBuildFile; fileRef = F413388D2932097500D69602 /* CounterTestUITests.swift */; };
		F41338902932097500D69602 /* CounterTestUITestsLaunchTests.swift in Sources */ = {isa = PBXBuildFile; fileRef = F413388F2932097500D69602 /* CounterTestUITestsLaunchTests.swift */; };
/* End PBXBuildFile section */

/* Begin PBXContainerItemProxy section */
		F41338802932097500D69602 /* PBXContainerItemProxy */ = {
			isa = PBXContainerItemProxy;
			containerPortal = F41338612932097100D69602 /* Project object */;
			proxyType = 1;
			remoteGlobalIDString = F41338682932097200D69602;
			remoteInfo = CounterTest;
		};
		F413388A2932097500D69602 /* PBXContainerItemProxy */ = {
			isa = PBXContainerItemProxy;
			containerPortal = F41338612932097100D69602 /* Project object */;
			proxyType = 1;
			remoteGlobalIDString = F41338682932097200D69602;
			remoteInfo = CounterTest;
		};
/* End PBXContainerItemProxy section */

/* Begin PBXFileReference section */
		F41338692932097200D69602 /* CounterTest.app */ = {isa = PBXFileReference; explicitFileType = wrapper.application; includeInIndex = 0; path = CounterTest.app; sourceTree = BUILT_PRODUCTS_DIR; };
		F413386C2932097200D69602 /* AppDelegate.swift */ = {isa = PBXFileReference; lastKnownFileType = sourcecode.swift; path = AppDelegate.swift; sourceTree = "<group>"; };
		F413386E2932097200D69602 /* SceneDelegate.swift */ = {isa = PBXFileReference; lastKnownFileType = sourcecode.swift; path = SceneDelegate.swift; sourceTree = "<group>"; };
		F41338702932097200D69602 /* ViewController.swift */ = {isa = PBXFileReference; lastKnownFileType = sourcecode.swift; path = ViewController.swift; sourceTree = "<group>"; };
		F41338732932097200D69602 /* Base */ = {isa = PBXFileReference; lastKnownFileType = file.storyboard; name = Base; path = Base.lproj/Main.storyboard; sourceTree = "<group>"; };
		F41338752932097400D69602 /* Assets.xcassets */ = {isa = PBXFileReference; lastKnownFileType = folder.assetcatalog; path = Assets.xcassets; sourceTree = "<group>"; };
		F41338782932097400D69602 /* Base */ = {isa = PBXFileReference; lastKnownFileType = file.storyboard; name = Base; path = Base.lproj/LaunchScreen.storyboard; sourceTree = "<group>"; };
		F413387A2932097400D69602 /* Info.plist */ = {isa = PBXFileReference; lastKnownFileType = text.plist.xml; path = Info.plist; sourceTree = "<group>"; };
		F413387F2932097500D69602 /* CounterTestTests.xctest */ = {isa = PBXFileReference; explicitFileType = wrapper.cfbundle; includeInIndex = 0; path = CounterTestTests.xctest; sourceTree = BUILT_PRODUCTS_DIR; };
		F41338832932097500D69602 /* CounterTestTests.swift */ = {isa = PBXFileReference; lastKnownFileType = sourcecode.swift; path = CounterTestTests.swift; sourceTree = "<group>"; };
		F41338892932097500D69602 /* CounterTestUITests.xctest */ = {isa = PBXFileReference; explicitFileType = wrapper.cfbundle; includeInIndex = 0; path = CounterTestUITests.xctest; sourceTree = BUILT_PRODUCTS_DIR; };
		F413388D2932097500D69602 /* CounterTestUITests.swift */ = {isa = PBXFileReference; lastKnownFileType = sourcecode.swift; path = CounterTestUITests.swift; sourceTree = "<group>"; };
		F413388F2932097500D69602 /* CounterTestUITestsLaunchTests.swift */ = {isa = PBXFileReference; lastKnownFileType = sourcecode.swift; path = CounterTestUITestsLaunchTests.swift; sourceTree = "<group>"; };
/* End PBXFileReference section */

/* Begin PBXFrameworksBuildPhase section */
		F41338662932097200D69602 /* Frameworks */ = {
			isa = PBXFrameworksBuildPhase;
			buildActionMask = 2147483647;
			files = (
			);
			runOnlyForDeploymentPostprocessing = 0;
		};
		F413387C2932097500D69602 /* Frameworks */ = {
			isa = PBXFrameworksBuildPhase;
			buildActionMask = 2147483647;
			files = (
			);
			runOnlyForDeploymentPostprocessing = 0;
		};
		F41338862932097500D69602 /* Frameworks */ = {
			isa = PBXFrameworksBuildPhase;
			buildActionMask = 2147483647;
			files = (
			);
			runOnlyForDeploymentPostprocessing = 0;
		};
/* End PBXFrameworksBuildPhase section */

/* Begin PBXGroup section */
		F41338602932097100D69602 = {
			isa = PBXGroup;
			children = (
				F413386B2932097200D69602 /* CounterTest */,
				F41338822932097500D69602 /* CounterTestTests */,
				F413388C2932097500D69602 /* CounterTestUITests */,
				F413386A2932097200D69602 /* Products */,
			);
			sourceTree = "<group>";
		};
		F413386A2932097200D69602 /* Products */ = {
			isa = PBXGroup;
			children = (
				F41338692932097200D69602 /* CounterTest.app */,
				F413387F2932097500D69602 /* CounterTestTests.xctest */,
				F41338892932097500D69602 /* CounterTestUITests.xctest */,
			);
			name = Products;
			sourceTree = "<group>";
		};
		F413386B2932097200D69602 /* CounterTest */ = {
			isa = PBXGroup;
			children = (
				F413386C2932097200D69602 /* AppDelegate.swift */,
				F413386E2932097200D69602 /* SceneDelegate.swift */,
				F41338702932097200D69602 /* ViewController.swift */,
				F41338722932097200D69602 /* Main.storyboard */,
				F41338752932097400D69602 /* Assets.xcassets */,
				F41338772932097400D69602 /* LaunchScreen.storyboard */,
				F413387A2932097400D69602 /* Info.plist */,
			);
			path = CounterTest;
			sourceTree = "<group>";
		};
		F41338822932097500D69602 /* CounterTestTests */ = {
			isa = PBXGroup;
			children = (
				F41338832932097500D69602 /* CounterTestTests.swift */,
			);
			path = CounterTestTests;
			sourceTree = "<group>";
		};
		F413388C2932097500D69602 /* CounterTestUITests */ = {
			isa = PBXGroup;
			children = (
				F413388D2932097500D69602 /* CounterTestUITests.swift */,
				F413388F2932097500D69602 /* CounterTestUITestsLaunchTests.swift */,
			);
			path = CounterTestUITests;
			sourceTree = "<group>";
		};
/* End PBXGroup section */

/* Begin PBXNativeTarget section */
		F41338682932097200D69602 /* CounterTest */ = {
			isa = PBXNativeTarget;
			buildConfigurationList = F41338932932097500D69602 /* Build configuration list for PBXNativeTarget "CounterTest" */;
			buildPhases = (
				F41338652932097200D69602 /* Sources */,
				F41338662932097200D69602 /* Frameworks */,
				F41338672932097200D69602 /* Resources */,
			);
			buildRules = (
			);
			dependencies = (
			);
			name = CounterTest;
			productName = CounterTest;
			productReference = F41338692932097200D69602 /* CounterTest.app */;
			productType = "com.apple.product-type.application";
		};
		F413387E2932097500D69602 /* CounterTestTests */ = {
			isa = PBXNativeTarget;
			buildConfigurationList = F41338962932097500D69602 /* Build configuration list for PBXNativeTarget "CounterTestTests" */;
			buildPhases = (
				F413387B2932097500D69602 /* Sources */,
				F413387C2932097500D69602 /* Frameworks */,
				F413387D2932097500D69602 /* Resources */,
			);
			buildRules = (
			);
			dependencies = (
				F41338812932097500D69602 /* PBXTargetDependency */,
			);
			name = CounterTestTests;
			productName = CounterTestTests;
			productReference = F413387F2932097500D69602 /* CounterTestTests.xctest */;
			productType = "com.apple.product-type.bundle.unit-test";
		};
		F41338882932097500D69602 /* CounterTestUITests */ = {
			isa = PBXNativeTarget;
			buildConfigurationList = F41338992932097500D69602 /* Build configuration list for PBXNativeTarget "CounterTestUITests" */;
			buildPhases = (
				F41338852932097500D69602 /* Sources */,
				F41338862932097500D69602 /* Frameworks */,
				F41338872932097500D69602 /* Resources */,
			);
			buildRules = (
			);
			dependencies = (
				F413388B2932097500D69602 /* PBXTargetDependency */,
			);
			name = CounterTestUITests;
			productName = CounterTestUITests;
			productReference = F41338892932097500D69602 /* CounterTestUITests.xctest */;
			productType = "com.apple.product-type.bundle.ui-testing";
		};
/* End PBXNativeTarget section */

/* Begin PBXProject section */
		F41338612932097100D69602 /* Project object */ = {
			isa = PBXProject;
			attributes = {
				BuildIndependentTargetsInParallel = 1;
				LastSwiftUpdateCheck = 1410;
				LastUpgradeCheck = 1410;
				TargetAttributes = {
					F41338682932097200D69602 = {
						CreatedOnToolsVersion = 14.1;
					};
					F413387E2932097500D69602 = {
						CreatedOnToolsVersion = 14.1;
						TestTargetID = F41338682932097200D69602;
					};
					F41338882932097500D69602 = {
						CreatedOnToolsVersion = 14.1;
						TestTargetID = F41338682932097200D69602;
					};
				};
			};
			buildConfigurationList = F41338642932097100D69602 /* Build configuration list for PBXProject "CounterTest" */;
			compatibilityVersion = "Xcode 14.0";
			developmentRegion = en;
			hasScannedForEncodings = 0;
			knownRegions = (
				en,
				Base,
			);
			mainGroup = F41338602932097100D69602;
			productRefGroup = F413386A2932097200D69602 /* Products */;
			projectDirPath = "";
			projectRoot = "";
			targets = (
				F41338682932097200D69602 /* CounterTest */,
				F413387E2932097500D69602 /* CounterTestTests */,
				F41338882932097500D69602 /* CounterTestUITests */,
			);
		};
/* End PBXProject section */

/* Begin PBXResourcesBuildPhase section */
		F41338672932097200D69602 /* Resources */ = {
			isa = PBXResourcesBuildPhase;
			buildActionMask = 2147483647;
			files = (
				F41338792932097400D69602 /* LaunchScreen.storyboard in Resources */,
				F41338762932097400D69602 /* Assets.xcassets in Resources */,
				F41338742932097200D69602 /* Main.storyboard in Resources */,
			);
			runOnlyForDeploymentPostprocessing = 0;
		};
		F413387D2932097500D69602 /* Resources */ = {
			isa = PBXResourcesBuildPhase;
			buildActionMask = 2147483647;
			files = (
			);
			runOnlyForDeploymentPostprocessing = 0;
		};
		F41338872932097500D69602 /* Resources */ = {
			isa = PBXResourcesBuildPhase;
			buildActionMask = 2147483647;
			files = (
			);
			runOnlyForDeploymentPostprocessing = 0;
		};
/* End PBXResourcesBuildPhase section */

/* Begin PBXSourcesBuildPhase section */
		F41338652932097200D69602 /* Sources */ = {
			isa = PBXSourcesBuildPhase;
			buildActionMask = 2147483647;
			files = (
				F41338712932097200D69602 /* ViewController.swift in Sources */,
				F413386D2932097200D69602 /* AppDelegate.swift in Sources */,
				F413386F2932097200D69602 /* SceneDelegate.swift in Sources */,
			);
			runOnlyForDeploymentPostprocessing = 0;
		};
		F413387B2932097500D69602 /* Sources */ = {
			isa = PBXSourcesBuildPhase;
			buildActionMask = 2147483647;
			files = (
				F41338842932097500D69602 /* CounterTestTests.swift in Sources */,
			);
			runOnlyForDeploymentPostprocessing = 0;
		};
		F41338852932097500D69602 /* Sources */ = {
			isa = PBXSourcesBuildPhase;
			buildActionMask = 2147483647;
			files = (
				F413388E2932097500D69602 /* CounterTestUITests.swift in Sources */,
				F41338902932097500D69602 /* CounterTestUITestsLaunchTests.swift in Sources */,
			);
			runOnlyForDeploymentPostprocessing = 0;
		};
/* End PBXSourcesBuildPhase section */

/* Begin PBXTargetDependency section */
		F41338812932097500D69602 /* PBXTargetDependency */ = {
			isa = PBXTargetDependency;
			target = F41338682932097200D69602 /* CounterTest */;
			targetProxy = F41338802932097500D69602 /* PBXContainerItemProxy */;
		};
		F413388B2932097500D69602 /* PBXTargetDependency */ = {
			isa = PBXTargetDependency;
			target = F41338682932097200D69602 /* CounterTest */;
			targetProxy = F413388A2932097500D69602 /* PBXContainerItemProxy */;
		};
/* End PBXTargetDependency section */

/* Begin PBXVariantGroup section */
		F41338722932097200D69602 /* Main.storyboard */ = {
			isa = PBXVariantGroup;
			children = (
				F41338732932097200D69602 /* Base */,
			);
			name = Main.storyboard;
			sourceTree = "<group>";
		};
		F41338772932097400D69602 /* LaunchScreen.storyboard */ = {
			isa = PBXVariantGroup;
			children = (
				F41338782932097400D69602 /* Base */,
			);
			name = LaunchScreen.storyboard;
			sourceTree = "<group>";
		};
/* End PBXVariantGroup section */

/* Begin XCBuildConfiguration section */
		F41338912932097500D69602 /* Debug */ = {
			isa = XCBuildConfiguration;
			buildSettings = {
				ALWAYS_SEARCH_USER_PATHS = NO;
				CLANG_ANALYZER_NONNULL = YES;
				CLANG_ANALYZER_NUMBER_OBJECT_CONVERSION = YES_AGGRESSIVE;
				CLANG_CXX_LANGUAGE_STANDARD = "gnu++20";
				CLANG_ENABLE_MODULES = YES;
				CLANG_ENABLE_OBJC_ARC = YES;
				CLANG_ENABLE_OBJC_WEAK = YES;
				CLANG_WARN_BLOCK_CAPTURE_AUTORELEASING = YES;
				CLANG_WARN_BOOL_CONVERSION = YES;
				CLANG_WARN_COMMA = YES;
				CLANG_WARN_CONSTANT_CONVERSION = YES;
				CLANG_WARN_DEPRECATED_OBJC_IMPLEMENTATIONS = YES;
				CLANG_WARN_DIRECT_OBJC_ISA_USAGE = YES_ERROR;
				CLANG_WARN_DOCUMENTATION_COMMENTS = YES;
				CLANG_WARN_EMPTY_BODY = YES;
				CLANG_WARN_ENUM_CONVERSION = YES;
				CLANG_WARN_INFINITE_RECURSION = YES;
				CLANG_WARN_INT_CONVERSION = YES;
				CLANG_WARN_NON_LITERAL_NULL_CONVERSION = YES;
				CLANG_WARN_OBJC_IMPLICIT_RETAIN_SELF = YES;
				CLANG_WARN_OBJC_LITERAL_CONVERSION = YES;
				CLANG_WARN_OBJC_ROOT_CLASS = YES_ERROR;
				CLANG_WARN_QUOTED_INCLUDE_IN_FRAMEWORK_HEADER = YES;
				CLANG_WARN_RANGE_LOOP_ANALYSIS = YES;
				CLANG_WARN_STRICT_PROTOTYPES = YES;
				CLANG_WARN_SUSPICIOUS_MOVE = YES;
				CLANG_WARN_UNGUARDED_AVAILABILITY = YES_AGGRESSIVE;
				CLANG_WARN_UNREACHABLE_CODE = YES;
				CLANG_WARN__DUPLICATE_METHOD_MATCH = YES;
				COPY_PHASE_STRIP = NO;
				DEBUG_INFORMATION_FORMAT = dwarf;
				ENABLE_STRICT_OBJC_MSGSEND = YES;
				ENABLE_TESTABILITY = YES;
				GCC_C_LANGUAGE_STANDARD = gnu11;
				GCC_DYNAMIC_NO_PIC = NO;
				GCC_NO_COMMON_BLOCKS = YES;
				GCC_OPTIMIZATION_LEVEL = 0;
				GCC_PREPROCESSOR_DEFINITIONS = (
					"DEBUG=1",
					"$(inherited)",
				);
				GCC_WARN_64_TO_32_BIT_CONVERSION = YES;
				GCC_WARN_ABOUT_RETURN_TYPE = YES_ERROR;
				GCC_WARN_UNDECLARED_SELECTOR = YES;
				GCC_WARN_UNINITIALIZED_AUTOS = YES_AGGRESSIVE;
				GCC_WARN_UNUSED_FUNCTION = YES;
				GCC_WARN_UNUSED_VARIABLE = YES;
				IPHONEOS_DEPLOYMENT_TARGET = 16.1;
				MTL_ENABLE_DEBUG_INFO = INCLUDE_SOURCE;
				MTL_FAST_MATH = YES;
				ONLY_ACTIVE_ARCH = YES;
				SDKROOT = iphoneos;
				SWIFT_ACTIVE_COMPILATION_CONDITIONS = DEBUG;
				SWIFT_OPTIMIZATION_LEVEL = "-Onone";
			};
			name = Debug;
		};
		F41338922932097500D69602 /* Release */ = {
			isa = XCBuildConfiguration;
			buildSettings = {
				ALWAYS_SEARCH_USER_PATHS = NO;
				CLANG_ANALYZER_NONNULL = YES;
				CLANG_ANALYZER_NUMBER_OBJECT_CONVERSION = YES_AGGRESSIVE;
				CLANG_CXX_LANGUAGE_STANDARD = "gnu++20";
				CLANG_ENABLE_MODULES = YES;
				CLANG_ENABLE_OBJC_ARC = YES;
				CLANG_ENABLE_OBJC_WEAK = YES;
				CLANG_WARN_BLOCK_CAPTURE_AUTORELEASING = YES;
				CLANG_WARN_BOOL_CONVERSION = YES;
				CLANG_WARN_COMMA = YES;
				CLANG_WARN_CONSTANT_CONVERSION = YES;
				CLANG_WARN_DEPRECATED_OBJC_IMPLEMENTATIONS = YES;
				CLANG_WARN_DIRECT_OBJC_ISA_USAGE = YES_ERROR;
				CLANG_WARN_DOCUMENTATION_COMMENTS = YES;
				CLANG_WARN_EMPTY_BODY = YES;
				CLANG_WARN_ENUM_CONVERSION = YES;
				CLANG_WARN_INFINITE_RECURSION = YES;
				CLANG_WARN_INT_CONVERSION = YES;
				CLANG_WARN_NON_LITERAL_NULL_CONVERSION = YES;
				CLANG_WARN_OBJC_IMPLICIT_RETAIN_SELF = YES;
				CLANG_WARN_OBJC_LITERAL_CONVERSION = YES;
				CLANG_WARN_OBJC_ROOT_CLASS = YES_ERROR;
				CLANG_WARN_QUOTED_INCLUDE_IN_FRAMEWORK_HEADER = YES;
				CLANG_WARN_RANGE_LOOP_ANALYSIS = YES;
				CLANG_WARN_STRICT_PROTOTYPES = YES;
				CLANG_WARN_SUSPICIOUS_MOVE = YES;
				CLANG_WARN_UNGUARDED_AVAILABILITY = YES_AGGRESSIVE;
				CLANG_WARN_UNREACHABLE_CODE = YES;
				CLANG_WARN__DUPLICATE_METHOD_MATCH = YES;
				COPY_PHASE_STRIP = NO;
				DEBUG_INFORMATION_FORMAT = "dwarf-with-dsym";
				ENABLE_NS_ASSERTIONS = NO;
				ENABLE_STRICT_OBJC_MSGSEND = YES;
				GCC_C_LANGUAGE_STANDARD = gnu11;
				GCC_NO_COMMON_BLOCKS = YES;
				GCC_WARN_64_TO_32_BIT_CONVERSION = YES;
				GCC_WARN_ABOUT_RETURN_TYPE = YES_ERROR;
				GCC_WARN_UNDECLARED_SELECTOR = YES;
				GCC_WARN_UNINITIALIZED_AUTOS = YES_AGGRESSIVE;
				GCC_WARN_UNUSED_FUNCTION = YES;
				GCC_WARN_UNUSED_VARIABLE = YES;
				IPHONEOS_DEPLOYMENT_TARGET = 16.1;
				MTL_ENABLE_DEBUG_INFO = NO;
				MTL_FAST_MATH = YES;
				SDKROOT = iphoneos;
				SWIFT_COMPILATION_MODE = wholemodule;
				SWIFT_OPTIMIZATION_LEVEL = "-O";
				VALIDATE_PRODUCT = YES;
			};
			name = Release;
		};
		F41338942932097500D69602 /* Debug */ = {
			isa = XCBuildConfiguration;
			buildSettings = {
				ASSETCATALOG_COMPILER_APPICON_NAME = AppIcon;
				ASSETCATALOG_COMPILER_GLOBAL_ACCENT_COLOR_NAME = AccentColor;
				CODE_SIGN_STYLE = Automatic;
				CURRENT_PROJECT_VERSION = 1;
				GENERATE_INFOPLIST_FILE = YES;
				INFOPLIST_FILE = CounterTest/Info.plist;
				INFOPLIST_KEY_UIApplicationSupportsIndirectInputEvents = YES;
				INFOPLIST_KEY_UILaunchStoryboardName = LaunchScreen;
				INFOPLIST_KEY_UIMainStoryboardFile = Main;
				INFOPLIST_KEY_UISupportedInterfaceOrientations_iPad = "UIInterfaceOrientationPortrait UIInterfaceOrientationPortraitUpsideDown UIInterfaceOrientationLandscapeLeft UIInterfaceOrientationLandscapeRight";
				INFOPLIST_KEY_UISupportedInterfaceOrientations_iPhone = "UIInterfaceOrientationPortrait UIInterfaceOrientationLandscapeLeft UIInterfaceOrientationLandscapeRight";
				LD_RUNPATH_SEARCH_PATHS = (
					"$(inherited)",
					"@executable_path/Frameworks",
				);
				MARKETING_VERSION = 1.0;
				PRODUCT_BUNDLE_IDENTIFIER = test.CounterTest;
				PRODUCT_NAME = "$(TARGET_NAME)";
				SWIFT_EMIT_LOC_STRINGS = YES;
				SWIFT_VERSION = 5.0;
				TARGETED_DEVICE_FAMILY = "1,2";
			};
			name = Debug;
		};
		F41338952932097500D69602 /* Release */ = {
			isa = XCBuildConfiguration;
			buildSettings = {
				ASSETCATALOG_COMPILER_APPICON_NAME = AppIcon;
				ASSETCATALOG_COMPILER_GLOBAL_ACCENT_COLOR_NAME = AccentColor;
				CODE_SIGN_STYLE = Automatic;
				CURRENT_PROJECT_VERSION = 1;
				GENERATE_INFOPLIST_FILE = YES;
				INFOPLIST_FILE = CounterTest/Info.plist;
				INFOPLIST_KEY_UIApplicationSupportsIndirectInputEvents = YES;
				INFOPLIST_KEY_UILaunchStoryboardName = LaunchScreen;
				INFOPLIST_KEY_UIMainStoryboardFile = Main;
				INFOPLIST_KEY_UISupportedInterfaceOrientations_iPad = "UIInterfaceOrientationPortrait UIInterfaceOrientationPortraitUpsideDown UIInterfaceOrientationLandscapeLeft UIInterfaceOrientationLandscapeRight";
				INFOPLIST_KEY_UISupportedInterfaceOrientations_iPhone = "UIInterfaceOrientationPortrait UIInterfaceOrientationLandscapeLeft UIInterfaceOrientationLandscapeRight";
				LD_RUNPATH_SEARCH_PATHS = (
					"$(inherited)",
					"@executable_path/Frameworks",
				);
				MARKETING_VERSION = 1.0;
				PRODUCT_BUNDLE_IDENTIFIER = test.CounterTest;
				PRODUCT_NAME = "$(TARGET_NAME)";
				SWIFT_EMIT_LOC_STRINGS = YES;
				SWIFT_VERSION = 5.0;
				TARGETED_DEVICE_FAMILY = "1,2";
			};
			name = Release;
		};
		F41338972932097500D69602 /* Debug */ = {
			isa = XCBuildConfiguration;
			buildSettings = {
				ALWAYS_EMBED_SWIFT_STANDARD_LIBRARIES = YES;
				BUNDLE_LOADER = "$(TEST_HOST)";
				CODE_SIGN_STYLE = Automatic;
				CURRENT_PROJECT_VERSION = 1;
				GENERATE_INFOPLIST_FILE = YES;
				IPHONEOS_DEPLOYMENT_TARGET = 16.1;
				MARKETING_VERSION = 1.0;
				PRODUCT_BUNDLE_IDENTIFIER = test.CounterTestTests;
				PRODUCT_NAME = "$(TARGET_NAME)";
				SWIFT_EMIT_LOC_STRINGS = NO;
				SWIFT_VERSION = 5.0;
				TARGETED_DEVICE_FAMILY = "1,2";
				TEST_HOST = "$(BUILT_PRODUCTS_DIR)/CounterTest.app/$(BUNDLE_EXECUTABLE_FOLDER_PATH)/CounterTest";
			};
			name = Debug;
		};
		F41338982932097500D69602 /* Release */ = {
			isa = XCBuildConfiguration;
			buildSettings = {
				ALWAYS_EMBED_SWIFT_STANDARD_LIBRARIES = YES;
				BUNDLE_LOADER = "$(TEST_HOST)";
				CODE_SIGN_STYLE = Automatic;
				CURRENT_PROJECT_VERSION = 1;
				GENERATE_INFOPLIST_FILE = YES;
				IPHONEOS_DEPLOYMENT_TARGET = 16.1;
				MARKETING_VERSION = 1.0;
				PRODUCT_BUNDLE_IDENTIFIER = test.CounterTestTests;
				PRODUCT_NAME = "$(TARGET_NAME)";
				SWIFT_EMIT_LOC_STRINGS = NO;
				SWIFT_VERSION = 5.0;
				TARGETED_DEVICE_FAMILY = "1,2";
				TEST_HOST = "$(BUILT_PRODUCTS_DIR)/CounterTest.app/$(BUNDLE_EXECUTABLE_FOLDER_PATH)/CounterTest";
			};
			name = Release;
		};
		F413389A2932097500D69602 /* Debug */ = {
			isa = XCBuildConfiguration;
			buildSettings = {
				ALWAYS_EMBED_SWIFT_STANDARD_LIBRARIES = YES;
				CODE_SIGN_STYLE = Automatic;
				CURRENT_PROJECT_VERSION = 1;
				DEVELOPMENT_TEAM = B76F947LP3;
				GENERATE_INFOPLIST_FILE = YES;
				MARKETING_VERSION = 1.0;
				PRODUCT_BUNDLE_IDENTIFIER = test.CounterTestUITests;
				PRODUCT_NAME = "$(TARGET_NAME)";
				SWIFT_EMIT_LOC_STRINGS = NO;
				SWIFT_VERSION = 5.0;
				TARGETED_DEVICE_FAMILY = "1,2";
				TEST_TARGET_NAME = CounterTest;
			};
			name = Debug;
		};
		F413389B2932097500D69602 /* Release */ = {
			isa = XCBuildConfiguration;
			buildSettings = {
				ALWAYS_EMBED_SWIFT_STANDARD_LIBRARIES = YES;
				CODE_SIGN_STYLE = Automatic;
				CURRENT_PROJECT_VERSION = 1;
				DEVELOPMENT_TEAM = B76F947LP3;
				GENERATE_INFOPLIST_FILE = YES;
				MARKETING_VERSION = 1.0;
				PRODUCT_BUNDLE_IDENTIFIER = test.CounterTestUITests;
				PRODUCT_NAME = "$(TARGET_NAME)";
				SWIFT_EMIT_LOC_STRINGS = NO;
				SWIFT_VERSION = 5.0;
				TARGETED_DEVICE_FAMILY = "1,2";
				TEST_TARGET_NAME = CounterTest;
			};
			name = Release;
		};
/* End XCBuildConfiguration section */

/* Begin XCConfigurationList section */
		F41338642932097100D69602 /* Build configuration list for PBXProject "CounterTest" */ = {
			isa = XCConfigurationList;
			buildConfigurations = (
				F41338912932097500D69602 /* Debug */,
				F41338922932097500D69602 /* Release */,
			);
			defaultConfigurationIsVisible = 0;
			defaultConfigurationName = Release;
		};
		F41338932932097500D69602 /* Build configuration list for PBXNativeTarget "CounterTest" */ = {
			isa = XCConfigurationList;
			buildConfigurations = (
				F41338942932097500D69602 /* Debug */,
				F41338952932097500D69602 /* Release */,
			);
			defaultConfigurationIsVisible = 0;
			defaultConfigurationName = Release;
		};
		F41338962932097500D69602 /* Build configuration list for PBXNativeTarget "CounterTestTests" */ = {
			isa = XCConfigurationList;
			buildConfigurations = (
				F41338972932097500D69602 /* Debug */,
				F41338982932097500D69602 /* Release */,
			);
			defaultConfigurationIsVisible = 0;
			defaultConfigurationName = Release;
		};
		F41338992932097500D69602 /* Build configuration list for PBXNativeTarget "CounterTestUITests" */ = {
			isa = XCConfigurationList;
			buildConfigurations = (
				F413389A2932097500D69602 /* Debug */,
				F413389B2932097500D69602 /* Release */,
			);
			defaultConfigurationIsVisible = 0;
			defaultConfigurationName = Release;
		};
/* End XCConfigurationList section */
	};
	rootObject = F41338612932097100D69602 /* Project object */;
}
